// !$*UTF8*$!
{
	archiveVersion = 1;
	classes = {
	};
	objectVersion = 55;
	objects = {

/* Begin PBXBuildFile section */
		1B41333628C2248B001E9AF1 /* Title.swift in Sources */ = {isa = PBXBuildFile; fileRef = 1B41333528C2248B001E9AF1 /* Title.swift */; };
		1B41333828C25900001E9AF1 /* Extensions.swift in Sources */ = {isa = PBXBuildFile; fileRef = 1B41333728C25900001E9AF1 /* Extensions.swift */; };
		1B41333C28C30B5C001E9AF1 /* TitleCollectionViewCell.swift in Sources */ = {isa = PBXBuildFile; fileRef = 1B41333B28C30B5C001E9AF1 /* TitleCollectionViewCell.swift */; };
		1B41333F28C32F37001E9AF1 /* SDWebImage in Frameworks */ = {isa = PBXBuildFile; productRef = 1B41333E28C32F37001E9AF1 /* SDWebImage */; };
		1B41334128C32F37001E9AF1 /* SDWebImageMapKit in Frameworks */ = {isa = PBXBuildFile; productRef = 1B41334028C32F37001E9AF1 /* SDWebImageMapKit */; };
		1B41334328C74D77001E9AF1 /* TitleTableViewCell.swift in Sources */ = {isa = PBXBuildFile; fileRef = 1B41334228C74D77001E9AF1 /* TitleTableViewCell.swift */; };
		1B41334528C76D9A001E9AF1 /* TitleViewModel.swift in Sources */ = {isa = PBXBuildFile; fileRef = 1B41334428C76D9A001E9AF1 /* TitleViewModel.swift */; };
		1B90F56E28BE703F00C9B628 /* AppDelegate.swift in Sources */ = {isa = PBXBuildFile; fileRef = 1B90F56D28BE703F00C9B628 /* AppDelegate.swift */; };
		1B90F57028BE703F00C9B628 /* SceneDelegate.swift in Sources */ = {isa = PBXBuildFile; fileRef = 1B90F56F28BE703F00C9B628 /* SceneDelegate.swift */; };
		1B90F57228BE703F00C9B628 /* ViewController.swift in Sources */ = {isa = PBXBuildFile; fileRef = 1B90F57128BE703F00C9B628 /* ViewController.swift */; };
		1B90F57728BE703F00C9B628 /* Assets.xcassets in Resources */ = {isa = PBXBuildFile; fileRef = 1B90F57628BE703F00C9B628 /* Assets.xcassets */; };
		1B90F57A28BE703F00C9B628 /* LaunchScreen.storyboard in Resources */ = {isa = PBXBuildFile; fileRef = 1B90F57828BE703F00C9B628 /* LaunchScreen.storyboard */; };
		1B90F58328BE70BF00C9B628 /* MainTabBarViewController.swift in Sources */ = {isa = PBXBuildFile; fileRef = 1B90F58228BE70BF00C9B628 /* MainTabBarViewController.swift */; };
		1B90F58528BE70EC00C9B628 /* HomeViewController.swift in Sources */ = {isa = PBXBuildFile; fileRef = 1B90F58428BE70EC00C9B628 /* HomeViewController.swift */; };
		1B90F58728BE70FB00C9B628 /* UpcomingViewController.swift in Sources */ = {isa = PBXBuildFile; fileRef = 1B90F58628BE70FB00C9B628 /* UpcomingViewController.swift */; };
		1B90F58928BE710600C9B628 /* SearchViewController.swift in Sources */ = {isa = PBXBuildFile; fileRef = 1B90F58828BE710600C9B628 /* SearchViewController.swift */; };
		1B90F58B28BE710F00C9B628 /* DownloadsViewController.swift in Sources */ = {isa = PBXBuildFile; fileRef = 1B90F58A28BE710F00C9B628 /* DownloadsViewController.swift */; };
		1B90F59228BFAD2300C9B628 /* CollectionViewTableViewCell.swift in Sources */ = {isa = PBXBuildFile; fileRef = 1B90F59128BFAD2300C9B628 /* CollectionViewTableViewCell.swift */; };
		1B90F59428C0415900C9B628 /* HeroHeaderUIView.swift in Sources */ = {isa = PBXBuildFile; fileRef = 1B90F59328C0415900C9B628 /* HeroHeaderUIView.swift */; };
		1B90F59628C1FDE400C9B628 /* ApiCaller.swift in Sources */ = {isa = PBXBuildFile; fileRef = 1B90F59528C1FDE400C9B628 /* ApiCaller.swift */; };
/* End PBXBuildFile section */

/* Begin PBXFileReference section */
		1B41333528C2248B001E9AF1 /* Title.swift */ = {isa = PBXFileReference; lastKnownFileType = sourcecode.swift; path = Title.swift; sourceTree = "<group>"; };
		1B41333728C25900001E9AF1 /* Extensions.swift */ = {isa = PBXFileReference; lastKnownFileType = sourcecode.swift; path = Extensions.swift; sourceTree = "<group>"; };
		1B41333B28C30B5C001E9AF1 /* TitleCollectionViewCell.swift */ = {isa = PBXFileReference; lastKnownFileType = sourcecode.swift; path = TitleCollectionViewCell.swift; sourceTree = "<group>"; };
		1B41334228C74D77001E9AF1 /* TitleTableViewCell.swift */ = {isa = PBXFileReference; lastKnownFileType = sourcecode.swift; path = TitleTableViewCell.swift; sourceTree = "<group>"; };
		1B41334428C76D9A001E9AF1 /* TitleViewModel.swift */ = {isa = PBXFileReference; lastKnownFileType = sourcecode.swift; path = TitleViewModel.swift; sourceTree = "<group>"; };
		1B90F56A28BE703F00C9B628 /* NetflixSwiftUIKit.app */ = {isa = PBXFileReference; explicitFileType = wrapper.application; includeInIndex = 0; path = NetflixSwiftUIKit.app; sourceTree = BUILT_PRODUCTS_DIR; };
		1B90F56D28BE703F00C9B628 /* AppDelegate.swift */ = {isa = PBXFileReference; lastKnownFileType = sourcecode.swift; path = AppDelegate.swift; sourceTree = "<group>"; };
		1B90F56F28BE703F00C9B628 /* SceneDelegate.swift */ = {isa = PBXFileReference; lastKnownFileType = sourcecode.swift; path = SceneDelegate.swift; sourceTree = "<group>"; };
		1B90F57128BE703F00C9B628 /* ViewController.swift */ = {isa = PBXFileReference; lastKnownFileType = sourcecode.swift; path = ViewController.swift; sourceTree = "<group>"; };
		1B90F57628BE703F00C9B628 /* Assets.xcassets */ = {isa = PBXFileReference; lastKnownFileType = folder.assetcatalog; path = Assets.xcassets; sourceTree = "<group>"; };
		1B90F57928BE703F00C9B628 /* Base */ = {isa = PBXFileReference; lastKnownFileType = file.storyboard; name = Base; path = Base.lproj/LaunchScreen.storyboard; sourceTree = "<group>"; };
		1B90F57B28BE703F00C9B628 /* Info.plist */ = {isa = PBXFileReference; lastKnownFileType = text.plist.xml; path = Info.plist; sourceTree = "<group>"; };
		1B90F58228BE70BF00C9B628 /* MainTabBarViewController.swift */ = {isa = PBXFileReference; lastKnownFileType = sourcecode.swift; path = MainTabBarViewController.swift; sourceTree = "<group>"; };
		1B90F58428BE70EC00C9B628 /* HomeViewController.swift */ = {isa = PBXFileReference; lastKnownFileType = sourcecode.swift; path = HomeViewController.swift; sourceTree = "<group>"; };
		1B90F58628BE70FB00C9B628 /* UpcomingViewController.swift */ = {isa = PBXFileReference; lastKnownFileType = sourcecode.swift; path = UpcomingViewController.swift; sourceTree = "<group>"; };
		1B90F58828BE710600C9B628 /* SearchViewController.swift */ = {isa = PBXFileReference; lastKnownFileType = sourcecode.swift; path = SearchViewController.swift; sourceTree = "<group>"; };
		1B90F58A28BE710F00C9B628 /* DownloadsViewController.swift */ = {isa = PBXFileReference; lastKnownFileType = sourcecode.swift; path = DownloadsViewController.swift; sourceTree = "<group>"; };
		1B90F59128BFAD2300C9B628 /* CollectionViewTableViewCell.swift */ = {isa = PBXFileReference; lastKnownFileType = sourcecode.swift; path = CollectionViewTableViewCell.swift; sourceTree = "<group>"; };
		1B90F59328C0415900C9B628 /* HeroHeaderUIView.swift */ = {isa = PBXFileReference; lastKnownFileType = sourcecode.swift; path = HeroHeaderUIView.swift; sourceTree = "<group>"; };
		1B90F59528C1FDE400C9B628 /* ApiCaller.swift */ = {isa = PBXFileReference; lastKnownFileType = sourcecode.swift; path = ApiCaller.swift; sourceTree = "<group>"; };
/* End PBXFileReference section */

/* Begin PBXFrameworksBuildPhase section */
		1B90F56728BE703F00C9B628 /* Frameworks */ = {
			isa = PBXFrameworksBuildPhase;
			buildActionMask = 2147483647;
			files = (
				1B41334128C32F37001E9AF1 /* SDWebImageMapKit in Frameworks */,
				1B41333F28C32F37001E9AF1 /* SDWebImage in Frameworks */,
			);
			runOnlyForDeploymentPostprocessing = 0;
		};
/* End PBXFrameworksBuildPhase section */

/* Begin PBXGroup section */
		1B90F56128BE703F00C9B628 = {
			isa = PBXGroup;
			children = (
				1B90F56C28BE703F00C9B628 /* NetflixSwiftUIKit */,
				1B90F56B28BE703F00C9B628 /* Products */,
			);
			sourceTree = "<group>";
		};
		1B90F56B28BE703F00C9B628 /* Products */ = {
			isa = PBXGroup;
			children = (
				1B90F56A28BE703F00C9B628 /* NetflixSwiftUIKit.app */,
			);
			name = Products;
			sourceTree = "<group>";
		};
		1B90F56C28BE703F00C9B628 /* NetflixSwiftUIKit */ = {
			isa = PBXGroup;
			children = (
				1B90F59028BFACD800C9B628 /* Managers */,
				1B90F58F28BFACCE00C9B628 /* Resources */,
				1B90F58E28BFACB600C9B628 /* Models */,
				1B90F58D28BFACAD00C9B628 /* ViewModels */,
				1B90F58C28BFACA600C9B628 /* Views */,
				1B90F58128BE70AF00C9B628 /* Controllers */,
				1B90F56D28BE703F00C9B628 /* AppDelegate.swift */,
				1B90F56F28BE703F00C9B628 /* SceneDelegate.swift */,
				1B90F57128BE703F00C9B628 /* ViewController.swift */,
				1B90F57628BE703F00C9B628 /* Assets.xcassets */,
				1B90F57828BE703F00C9B628 /* LaunchScreen.storyboard */,
				1B90F57B28BE703F00C9B628 /* Info.plist */,
			);
			path = NetflixSwiftUIKit;
			sourceTree = "<group>";
		};
		1B90F58128BE70AF00C9B628 /* Controllers */ = {
			isa = PBXGroup;
			children = (
				1B90F58228BE70BF00C9B628 /* MainTabBarViewController.swift */,
				1B90F58428BE70EC00C9B628 /* HomeViewController.swift */,
				1B90F58628BE70FB00C9B628 /* UpcomingViewController.swift */,
				1B90F58828BE710600C9B628 /* SearchViewController.swift */,
				1B90F58A28BE710F00C9B628 /* DownloadsViewController.swift */,
			);
			path = Controllers;
			sourceTree = "<group>";
		};
		1B90F58C28BFACA600C9B628 /* Views */ = {
			isa = PBXGroup;
			children = (
				1B90F59128BFAD2300C9B628 /* CollectionViewTableViewCell.swift */,
				1B90F59328C0415900C9B628 /* HeroHeaderUIView.swift */,
				1B41333B28C30B5C001E9AF1 /* TitleCollectionViewCell.swift */,
				1B41334228C74D77001E9AF1 /* TitleTableViewCell.swift */,
			);
			path = Views;
			sourceTree = "<group>";
		};
		1B90F58D28BFACAD00C9B628 /* ViewModels */ = {
			isa = PBXGroup;
			children = (
				1B41334428C76D9A001E9AF1 /* TitleViewModel.swift */,
			);
			path = ViewModels;
			sourceTree = "<group>";
		};
		1B90F58E28BFACB600C9B628 /* Models */ = {
			isa = PBXGroup;
			children = (
				1B41333528C2248B001E9AF1 /* Title.swift */,
			);
			path = Models;
			sourceTree = "<group>";
		};
		1B90F58F28BFACCE00C9B628 /* Resources */ = {
			isa = PBXGroup;
			children = (
				1B41333728C25900001E9AF1 /* Extensions.swift */,
			);
			path = Resources;
			sourceTree = "<group>";
		};
		1B90F59028BFACD800C9B628 /* Managers */ = {
			isa = PBXGroup;
			children = (
				1B90F59528C1FDE400C9B628 /* ApiCaller.swift */,
			);
			path = Managers;
			sourceTree = "<group>";
		};
/* End PBXGroup section */

/* Begin PBXNativeTarget section */
		1B90F56928BE703F00C9B628 /* NetflixSwiftUIKit */ = {
			isa = PBXNativeTarget;
			buildConfigurationList = 1B90F57E28BE703F00C9B628 /* Build configuration list for PBXNativeTarget "NetflixSwiftUIKit" */;
			buildPhases = (
				1B90F56628BE703F00C9B628 /* Sources */,
				1B90F56728BE703F00C9B628 /* Frameworks */,
				1B90F56828BE703F00C9B628 /* Resources */,
			);
			buildRules = (
			);
			dependencies = (
			);
			name = NetflixSwiftUIKit;
			packageProductDependencies = (
				1B41333E28C32F37001E9AF1 /* SDWebImage */,
				1B41334028C32F37001E9AF1 /* SDWebImageMapKit */,
			);
			productName = NetflixSwiftUIKit;
			productReference = 1B90F56A28BE703F00C9B628 /* NetflixSwiftUIKit.app */;
			productType = "com.apple.product-type.application";
		};
/* End PBXNativeTarget section */

/* Begin PBXProject section */
		1B90F56228BE703F00C9B628 /* Project object */ = {
			isa = PBXProject;
			attributes = {
				BuildIndependentTargetsInParallel = 1;
				LastSwiftUpdateCheck = 1340;
				LastUpgradeCheck = 1340;
				TargetAttributes = {
					1B90F56928BE703F00C9B628 = {
						CreatedOnToolsVersion = 13.4.1;
					};
				};
			};
			buildConfigurationList = 1B90F56528BE703F00C9B628 /* Build configuration list for PBXProject "NetflixSwiftUIKit" */;
			compatibilityVersion = "Xcode 13.0";
			developmentRegion = en;
			hasScannedForEncodings = 0;
			knownRegions = (
				en,
				Base,
			);
			mainGroup = 1B90F56128BE703F00C9B628;
			packageReferences = (
				1B41333D28C32F37001E9AF1 /* XCRemoteSwiftPackageReference "SDWebImage" */,
			);
			productRefGroup = 1B90F56B28BE703F00C9B628 /* Products */;
			projectDirPath = "";
			projectRoot = "";
			targets = (
				1B90F56928BE703F00C9B628 /* NetflixSwiftUIKit */,
			);
		};
/* End PBXProject section */

/* Begin PBXResourcesBuildPhase section */
		1B90F56828BE703F00C9B628 /* Resources */ = {
			isa = PBXResourcesBuildPhase;
			buildActionMask = 2147483647;
			files = (
				1B90F57A28BE703F00C9B628 /* LaunchScreen.storyboard in Resources */,
				1B90F57728BE703F00C9B628 /* Assets.xcassets in Resources */,
			);
			runOnlyForDeploymentPostprocessing = 0;
		};
/* End PBXResourcesBuildPhase section */

/* Begin PBXSourcesBuildPhase section */
		1B90F56628BE703F00C9B628 /* Sources */ = {
			isa = PBXSourcesBuildPhase;
			buildActionMask = 2147483647;
			files = (
				1B90F58728BE70FB00C9B628 /* UpcomingViewController.swift in Sources */,
				1B90F59428C0415900C9B628 /* HeroHeaderUIView.swift in Sources */,
				1B90F58928BE710600C9B628 /* SearchViewController.swift in Sources */,
				1B90F59628C1FDE400C9B628 /* ApiCaller.swift in Sources */,
				1B90F58B28BE710F00C9B628 /* DownloadsViewController.swift in Sources */,
				1B90F58528BE70EC00C9B628 /* HomeViewController.swift in Sources */,
				1B90F57228BE703F00C9B628 /* ViewController.swift in Sources */,
				1B41333628C2248B001E9AF1 /* Title.swift in Sources */,
				1B41333828C25900001E9AF1 /* Extensions.swift in Sources */,
				1B90F59228BFAD2300C9B628 /* CollectionViewTableViewCell.swift in Sources */,
				1B41334328C74D77001E9AF1 /* TitleTableViewCell.swift in Sources */,
				1B90F58328BE70BF00C9B628 /* MainTabBarViewController.swift in Sources */,
				1B41333C28C30B5C001E9AF1 /* TitleCollectionViewCell.swift in Sources */,
				1B41334528C76D9A001E9AF1 /* TitleViewModel.swift in Sources */,
				1B90F56E28BE703F00C9B628 /* AppDelegate.swift in Sources */,
				1B90F57028BE703F00C9B628 /* SceneDelegate.swift in Sources */,
			);
			runOnlyForDeploymentPostprocessing = 0;
		};
/* End PBXSourcesBuildPhase section */

/* Begin PBXVariantGroup section */
		1B90F57828BE703F00C9B628 /* LaunchScreen.storyboard */ = {
			isa = PBXVariantGroup;
			children = (
				1B90F57928BE703F00C9B628 /* Base */,
			);
			name = LaunchScreen.storyboard;
			sourceTree = "<group>";
		};
/* End PBXVariantGroup section */

/* Begin XCBuildConfiguration section */
		1B90F57C28BE703F00C9B628 /* Debug */ = {
			isa = XCBuildConfiguration;
			buildSettings = {
				ALWAYS_SEARCH_USER_PATHS = NO;
				CLANG_ANALYZER_NONNULL = YES;
				CLANG_ANALYZER_NUMBER_OBJECT_CONVERSION = YES_AGGRESSIVE;
				CLANG_CXX_LANGUAGE_STANDARD = "gnu++17";
				CLANG_ENABLE_MODULES = YES;
				CLANG_ENABLE_OBJC_ARC = YES;
				CLANG_ENABLE_OBJC_WEAK = YES;
				CLANG_WARN_BLOCK_CAPTURE_AUTORELEASING = YES;
				CLANG_WARN_BOOL_CONVERSION = YES;
				CLANG_WARN_COMMA = YES;
				CLANG_WARN_CONSTANT_CONVERSION = YES;
				CLANG_WARN_DEPRECATED_OBJC_IMPLEMENTATIONS = YES;
				CLANG_WARN_DIRECT_OBJC_ISA_USAGE = YES_ERROR;
				CLANG_WARN_DOCUMENTATION_COMMENTS = YES;
				CLANG_WARN_EMPTY_BODY = YES;
				CLANG_WARN_ENUM_CONVERSION = YES;
				CLANG_WARN_INFINITE_RECURSION = YES;
				CLANG_WARN_INT_CONVERSION = YES;
				CLANG_WARN_NON_LITERAL_NULL_CONVERSION = YES;
				CLANG_WARN_OBJC_IMPLICIT_RETAIN_SELF = YES;
				CLANG_WARN_OBJC_LITERAL_CONVERSION = YES;
				CLANG_WARN_OBJC_ROOT_CLASS = YES_ERROR;
				CLANG_WARN_QUOTED_INCLUDE_IN_FRAMEWORK_HEADER = YES;
				CLANG_WARN_RANGE_LOOP_ANALYSIS = YES;
				CLANG_WARN_STRICT_PROTOTYPES = YES;
				CLANG_WARN_SUSPICIOUS_MOVE = YES;
				CLANG_WARN_UNGUARDED_AVAILABILITY = YES_AGGRESSIVE;
				CLANG_WARN_UNREACHABLE_CODE = YES;
				CLANG_WARN__DUPLICATE_METHOD_MATCH = YES;
				COPY_PHASE_STRIP = NO;
				DEBUG_INFORMATION_FORMAT = dwarf;
				ENABLE_STRICT_OBJC_MSGSEND = YES;
				ENABLE_TESTABILITY = YES;
				GCC_C_LANGUAGE_STANDARD = gnu11;
				GCC_DYNAMIC_NO_PIC = NO;
				GCC_NO_COMMON_BLOCKS = YES;
				GCC_OPTIMIZATION_LEVEL = 0;
				GCC_PREPROCESSOR_DEFINITIONS = (
					"DEBUG=1",
					"$(inherited)",
				);
				GCC_WARN_64_TO_32_BIT_CONVERSION = YES;
				GCC_WARN_ABOUT_RETURN_TYPE = YES_ERROR;
				GCC_WARN_UNDECLARED_SELECTOR = YES;
				GCC_WARN_UNINITIALIZED_AUTOS = YES_AGGRESSIVE;
				GCC_WARN_UNUSED_FUNCTION = YES;
				GCC_WARN_UNUSED_VARIABLE = YES;
				IPHONEOS_DEPLOYMENT_TARGET = 15.5;
				MTL_ENABLE_DEBUG_INFO = INCLUDE_SOURCE;
				MTL_FAST_MATH = YES;
				ONLY_ACTIVE_ARCH = YES;
				SDKROOT = iphoneos;
				SWIFT_ACTIVE_COMPILATION_CONDITIONS = DEBUG;
				SWIFT_OPTIMIZATION_LEVEL = "-Onone";
			};
			name = Debug;
		};
		1B90F57D28BE703F00C9B628 /* Release */ = {
			isa = XCBuildConfiguration;
			buildSettings = {
				ALWAYS_SEARCH_USER_PATHS = NO;
				CLANG_ANALYZER_NONNULL = YES;
				CLANG_ANALYZER_NUMBER_OBJECT_CONVERSION = YES_AGGRESSIVE;
				CLANG_CXX_LANGUAGE_STANDARD = "gnu++17";
				CLANG_ENABLE_MODULES = YES;
				CLANG_ENABLE_OBJC_ARC = YES;
				CLANG_ENABLE_OBJC_WEAK = YES;
				CLANG_WARN_BLOCK_CAPTURE_AUTORELEASING = YES;
				CLANG_WARN_BOOL_CONVERSION = YES;
				CLANG_WARN_COMMA = YES;
				CLANG_WARN_CONSTANT_CONVERSION = YES;
				CLANG_WARN_DEPRECATED_OBJC_IMPLEMENTATIONS = YES;
				CLANG_WARN_DIRECT_OBJC_ISA_USAGE = YES_ERROR;
				CLANG_WARN_DOCUMENTATION_COMMENTS = YES;
				CLANG_WARN_EMPTY_BODY = YES;
				CLANG_WARN_ENUM_CONVERSION = YES;
				CLANG_WARN_INFINITE_RECURSION = YES;
				CLANG_WARN_INT_CONVERSION = YES;
				CLANG_WARN_NON_LITERAL_NULL_CONVERSION = YES;
				CLANG_WARN_OBJC_IMPLICIT_RETAIN_SELF = YES;
				CLANG_WARN_OBJC_LITERAL_CONVERSION = YES;
				CLANG_WARN_OBJC_ROOT_CLASS = YES_ERROR;
				CLANG_WARN_QUOTED_INCLUDE_IN_FRAMEWORK_HEADER = YES;
				CLANG_WARN_RANGE_LOOP_ANALYSIS = YES;
				CLANG_WARN_STRICT_PROTOTYPES = YES;
				CLANG_WARN_SUSPICIOUS_MOVE = YES;
				CLANG_WARN_UNGUARDED_AVAILABILITY = YES_AGGRESSIVE;
				CLANG_WARN_UNREACHABLE_CODE = YES;
				CLANG_WARN__DUPLICATE_METHOD_MATCH = YES;
				COPY_PHASE_STRIP = NO;
				DEBUG_INFORMATION_FORMAT = "dwarf-with-dsym";
				ENABLE_NS_ASSERTIONS = NO;
				ENABLE_STRICT_OBJC_MSGSEND = YES;
				GCC_C_LANGUAGE_STANDARD = gnu11;
				GCC_NO_COMMON_BLOCKS = YES;
				GCC_WARN_64_TO_32_BIT_CONVERSION = YES;
				GCC_WARN_ABOUT_RETURN_TYPE = YES_ERROR;
				GCC_WARN_UNDECLARED_SELECTOR = YES;
				GCC_WARN_UNINITIALIZED_AUTOS = YES_AGGRESSIVE;
				GCC_WARN_UNUSED_FUNCTION = YES;
				GCC_WARN_UNUSED_VARIABLE = YES;
				IPHONEOS_DEPLOYMENT_TARGET = 15.5;
				MTL_ENABLE_DEBUG_INFO = NO;
				MTL_FAST_MATH = YES;
				SDKROOT = iphoneos;
				SWIFT_COMPILATION_MODE = wholemodule;
				SWIFT_OPTIMIZATION_LEVEL = "-O";
				VALIDATE_PRODUCT = YES;
			};
			name = Release;
		};
		1B90F57F28BE703F00C9B628 /* Debug */ = {
			isa = XCBuildConfiguration;
			buildSettings = {
				ASSETCATALOG_COMPILER_APPICON_NAME = AppIcon;
				ASSETCATALOG_COMPILER_GLOBAL_ACCENT_COLOR_NAME = AccentColor;
				CODE_SIGN_STYLE = Automatic;
				CURRENT_PROJECT_VERSION = 1;
				DEVELOPMENT_TEAM = 5Z65LHWK5A;
				GENERATE_INFOPLIST_FILE = YES;
				INFOPLIST_FILE = NetflixSwiftUIKit/Info.plist;
				INFOPLIST_KEY_UIApplicationSupportsIndirectInputEvents = YES;
				INFOPLIST_KEY_UILaunchStoryboardName = LaunchScreen;
				INFOPLIST_KEY_UISupportedInterfaceOrientations_iPad = "UIInterfaceOrientationPortrait UIInterfaceOrientationPortraitUpsideDown UIInterfaceOrientationLandscapeLeft UIInterfaceOrientationLandscapeRight";
				INFOPLIST_KEY_UISupportedInterfaceOrientations_iPhone = "UIInterfaceOrientationPortrait UIInterfaceOrientationLandscapeLeft UIInterfaceOrientationLandscapeRight";
				LD_RUNPATH_SEARCH_PATHS = (
					"$(inherited)",
					"@executable_path/Frameworks",
				);
				MARKETING_VERSION = 1.0;
				PRODUCT_BUNDLE_IDENTIFIER = SwiftUI.NetflixSwiftUIKit;
				PRODUCT_NAME = "$(TARGET_NAME)";
				SWIFT_EMIT_LOC_STRINGS = YES;
				SWIFT_VERSION = 5.0;
				TARGETED_DEVICE_FAMILY = "1,2";
			};
			name = Debug;
		};
		1B90F58028BE703F00C9B628 /* Release */ = {
			isa = XCBuildConfiguration;
			buildSettings = {
				ASSETCATALOG_COMPILER_APPICON_NAME = AppIcon;
				ASSETCATALOG_COMPILER_GLOBAL_ACCENT_COLOR_NAME = AccentColor;
				CODE_SIGN_STYLE = Automatic;
				CURRENT_PROJECT_VERSION = 1;
				DEVELOPMENT_TEAM = 5Z65LHWK5A;
				GENERATE_INFOPLIST_FILE = YES;
				INFOPLIST_FILE = NetflixSwiftUIKit/Info.plist;
				INFOPLIST_KEY_UIApplicationSupportsIndirectInputEvents = YES;
				INFOPLIST_KEY_UILaunchStoryboardName = LaunchScreen;
				INFOPLIST_KEY_UISupportedInterfaceOrientations_iPad = "UIInterfaceOrientationPortrait UIInterfaceOrientationPortraitUpsideDown UIInterfaceOrientationLandscapeLeft UIInterfaceOrientationLandscapeRight";
				INFOPLIST_KEY_UISupportedInterfaceOrientations_iPhone = "UIInterfaceOrientationPortrait UIInterfaceOrientationLandscapeLeft UIInterfaceOrientationLandscapeRight";
				LD_RUNPATH_SEARCH_PATHS = (
					"$(inherited)",
					"@executable_path/Frameworks",
				);
				MARKETING_VERSION = 1.0;
				PRODUCT_BUNDLE_IDENTIFIER = SwiftUI.NetflixSwiftUIKit;
				PRODUCT_NAME = "$(TARGET_NAME)";
				SWIFT_EMIT_LOC_STRINGS = YES;
				SWIFT_VERSION = 5.0;
				TARGETED_DEVICE_FAMILY = "1,2";
			};
			name = Release;
		};
/* End XCBuildConfiguration section */

/* Begin XCConfigurationList section */
		1B90F56528BE703F00C9B628 /* Build configuration list for PBXProject "NetflixSwiftUIKit" */ = {
			isa = XCConfigurationList;
			buildConfigurations = (
				1B90F57C28BE703F00C9B628 /* Debug */,
				1B90F57D28BE703F00C9B628 /* Release */,
			);
			defaultConfigurationIsVisible = 0;
			defaultConfigurationName = Release;
		};
		1B90F57E28BE703F00C9B628 /* Build configuration list for PBXNativeTarget "NetflixSwiftUIKit" */ = {
			isa = XCConfigurationList;
			buildConfigurations = (
				1B90F57F28BE703F00C9B628 /* Debug */,
				1B90F58028BE703F00C9B628 /* Release */,
			);
			defaultConfigurationIsVisible = 0;
			defaultConfigurationName = Release;
		};
/* End XCConfigurationList section */

/* Begin XCRemoteSwiftPackageReference section */
		1B41333D28C32F37001E9AF1 /* XCRemoteSwiftPackageReference "SDWebImage" */ = {
			isa = XCRemoteSwiftPackageReference;
			repositoryURL = "https://github.com/SDWebImage/SDWebImage.git";
			requirement = {
				kind = upToNextMajorVersion;
				minimumVersion = 5.0.0;
			};
		};
/* End XCRemoteSwiftPackageReference section */

/* Begin XCSwiftPackageProductDependency section */
		1B41333E28C32F37001E9AF1 /* SDWebImage */ = {
			isa = XCSwiftPackageProductDependency;
			package = 1B41333D28C32F37001E9AF1 /* XCRemoteSwiftPackageReference "SDWebImage" */;
			productName = SDWebImage;
		};
		1B41334028C32F37001E9AF1 /* SDWebImageMapKit */ = {
			isa = XCSwiftPackageProductDependency;
			package = 1B41333D28C32F37001E9AF1 /* XCRemoteSwiftPackageReference "SDWebImage" */;
			productName = SDWebImageMapKit;
		};
/* End XCSwiftPackageProductDependency section */
	};
	rootObject = 1B90F56228BE703F00C9B628 /* Project object */;
}
